
Microsoft Visual Studio Solution File, Format Version 12.00
# Visual Studio 15
VisualStudioVersion = 15.0.27703.2000
MinimumVisualStudioVersion = 10.0.40219.1
Project("{9A19103F-16F7-4668-BE54-9A1E7A4F7556}") = "Heroes.Icons", "Heroes.Icons\Heroes.Icons.csproj", "{3ACBBCAE-E6BF-4DDD-9A07-69AFC81AEB4B}"
EndProject
Project("{9A19103F-16F7-4668-BE54-9A1E7A4F7556}") = "Heroes.Icons.Tests", "Heroes.Icons.Tests\Heroes.Icons.Tests.csproj", "{75BE498E-53C8-4EAB-AE99-5F6BA88E109F}"
EndProject
Project("{9A19103F-16F7-4668-BE54-9A1E7A4F7556}") = "Heroes.Models", "Heroes.Models\Heroes.Models\Heroes.Models.csproj", "{09E9F9C5-5DED-4999-B673-7E8C640C1F45}"
EndProject
Global
	GlobalSection(SolutionConfigurationPlatforms) = preSolution
		Debug|Any CPU = Debug|Any CPU
		Release|Any CPU = Release|Any CPU
	EndGlobalSection
	GlobalSection(ProjectConfigurationPlatforms) = postSolution
		{3ACBBCAE-E6BF-4DDD-9A07-69AFC81AEB4B}.Debug|Any CPU.ActiveCfg = Debug|Any CPU
		{3ACBBCAE-E6BF-4DDD-9A07-69AFC81AEB4B}.Debug|Any CPU.Build.0 = Debug|Any CPU
		{3ACBBCAE-E6BF-4DDD-9A07-69AFC81AEB4B}.Release|Any CPU.ActiveCfg = Release|Any CPU
		{3ACBBCAE-E6BF-4DDD-9A07-69AFC81AEB4B}.Release|Any CPU.Build.0 = Release|Any CPU
		{75BE498E-53C8-4EAB-AE99-5F6BA88E109F}.Debug|Any CPU.ActiveCfg = Debug|Any CPU
		{75BE498E-53C8-4EAB-AE99-5F6BA88E109F}.Debug|Any CPU.Build.0 = Debug|Any CPU
		{75BE498E-53C8-4EAB-AE99-5F6BA88E109F}.Release|Any CPU.ActiveCfg = Release|Any CPU
		{75BE498E-53C8-4EAB-AE99-5F6BA88E109F}.Release|Any CPU.Build.0 = Release|Any CPU
		{09E9F9C5-5DED-4999-B673-7E8C640C1F45}.Debug|Any CPU.ActiveCfg = Debug|Any CPU
		{09E9F9C5-5DED-4999-B673-7E8C640C1F45}.Debug|Any CPU.Build.0 = Debug|Any CPU
		{09E9F9C5-5DED-4999-B673-7E8C640C1F45}.Release|Any CPU.ActiveCfg = Release|Any CPU
		{09E9F9C5-5DED-4999-B673-7E8C640C1F45}.Release|Any CPU.Build.0 = Release|Any CPU
	EndGlobalSection
	GlobalSection(SolutionProperties) = preSolution
		HideSolutionNode = FALSE
	EndGlobalSection
	GlobalSection(ExtensibilityGlobals) = postSolution
		SolutionGuid = {892F65E2-9F34-415C-B390-50BF5B4DC29A}
	EndGlobalSection
EndGlobal
